# THIS IS AN AUTOGENERATED FILE. DO NOT EDIT THIS FILE DIRECTLY.
# yarn lockfile v1


relay-compiler@^14.1.0:
  version "14.1.0"
  resolved "https://pkgs.dev.azure.com/swisslife/_packaging/NpmMain/npm/registry/relay-compiler/-/relay-compiler-14.1.0.tgz#88e9c531eb14a6a31e6f14663982124d780bd1b6"
  integrity sha1-iOnFMesUpqMebxRmOYISTXgL0bY=
